
Microsoft Visual Studio Solution File, Format Version 12.00
Project("{FAE04EC0-301F-11D3-BF4B-00C04F79EFBC}") = "WpfTestApplication", "WpfTestApplication\WpfTestApplication.csproj", "{76F61204-A673-48B4-B60F-D981355ED998}"
EndProject
Global
	GlobalSection(SolutionConfigurationPlatforms) = preSolution
		Debug|Any CPU = Debug|Any CPU
		Release|Any CPU = Release|Any CPU
	EndGlobalSection
	GlobalSection(ProjectConfigurationPlatforms) = postSolution
		{76F61204-A673-48B4-B60F-D981355ED998}.Debug|Any CPU.ActiveCfg = Debug|Any CPU
		{76F61204-A673-48B4-B60F-D981355ED998}.Debug|Any CPU.Build.0 = Debug|Any CPU
		{76F61204-A673-48B4-B60F-D981355ED998}.Release|Any CPU.ActiveCfg = Release|Any CPU
		{76F61204-A673-48B4-B60F-D981355ED998}.Release|Any CPU.Build.0 = Release|Any CPU
	EndGlobalSection
EndGlobal
